
Microsoft Visual Studio Solution File, Format Version 12.00
# Visual Studio Version 17
VisualStudioVersion = 17.7.34024.191
MinimumVisualStudioVersion = 10.0.40219.1
Project("{FAE04EC0-301F-11D3-BF4B-00C04F79EFBC}") = "Business", "Business\Business.csproj", "{975A315F-74A2-405B-8F9F-E8EC57B9DE0B}"
EndProject
Project("{FAE04EC0-301F-11D3-BF4B-00C04F79EFBC}") = "Core", "Core\Core.csproj", "{DAFB466A-9FE3-414A-976B-865123DAE85A}"
EndProject
Project("{FAE04EC0-301F-11D3-BF4B-00C04F79EFBC}") = "DataAccess", "DataAccess\DataAccess.csproj", "{82832CBF-3DCF-4740-B008-1872AE8BD1B2}"
EndProject
Project("{FAE04EC0-301F-11D3-BF4B-00C04F79EFBC}") = "Entities", "Entities\Entities.csproj", "{0DB6FAFB-1DAE-4533-B098-34E878915E3A}"
EndProject
Project("{FAE04EC0-301F-11D3-BF4B-00C04F79EFBC}") = "WebApi", "WebApi\WebApi.csproj", "{A31EFF3A-486E-4E08-B2DB-EBF358F61F37}"
EndProject
Global
	GlobalSection(SolutionConfigurationPlatforms) = preSolution
		Debug|Any CPU = Debug|Any CPU
		Release|Any CPU = Release|Any CPU
	EndGlobalSection
	GlobalSection(ProjectConfigurationPlatforms) = postSolution
		{975A315F-74A2-405B-8F9F-E8EC57B9DE0B}.Debug|Any CPU.ActiveCfg = Debug|Any CPU
		{975A315F-74A2-405B-8F9F-E8EC57B9DE0B}.Debug|Any CPU.Build.0 = Debug|Any CPU
		{975A315F-74A2-405B-8F9F-E8EC57B9DE0B}.Release|Any CPU.ActiveCfg = Release|Any CPU
		{975A315F-74A2-405B-8F9F-E8EC57B9DE0B}.Release|Any CPU.Build.0 = Release|Any CPU
		{DAFB466A-9FE3-414A-976B-865123DAE85A}.Debug|Any CPU.ActiveCfg = Debug|Any CPU
		{DAFB466A-9FE3-414A-976B-865123DAE85A}.Debug|Any CPU.Build.0 = Debug|Any CPU
		{DAFB466A-9FE3-414A-976B-865123DAE85A}.Release|Any CPU.ActiveCfg = Release|Any CPU
		{DAFB466A-9FE3-414A-976B-865123DAE85A}.Release|Any CPU.Build.0 = Release|Any CPU
		{82832CBF-3DCF-4740-B008-1872AE8BD1B2}.Debug|Any CPU.ActiveCfg = Debug|Any CPU
		{82832CBF-3DCF-4740-B008-1872AE8BD1B2}.Debug|Any CPU.Build.0 = Debug|Any CPU
		{82832CBF-3DCF-4740-B008-1872AE8BD1B2}.Release|Any CPU.ActiveCfg = Release|Any CPU
		{82832CBF-3DCF-4740-B008-1872AE8BD1B2}.Release|Any CPU.Build.0 = Release|Any CPU
		{0DB6FAFB-1DAE-4533-B098-34E878915E3A}.Debug|Any CPU.ActiveCfg = Debug|Any CPU
		{0DB6FAFB-1DAE-4533-B098-34E878915E3A}.Debug|Any CPU.Build.0 = Debug|Any CPU
		{0DB6FAFB-1DAE-4533-B098-34E878915E3A}.Release|Any CPU.ActiveCfg = Release|Any CPU
		{0DB6FAFB-1DAE-4533-B098-34E878915E3A}.Release|Any CPU.Build.0 = Release|Any CPU
		{A31EFF3A-486E-4E08-B2DB-EBF358F61F37}.Debug|Any CPU.ActiveCfg = Debug|Any CPU
		{A31EFF3A-486E-4E08-B2DB-EBF358F61F37}.Debug|Any CPU.Build.0 = Debug|Any CPU
		{A31EFF3A-486E-4E08-B2DB-EBF358F61F37}.Release|Any CPU.ActiveCfg = Release|Any CPU
		{A31EFF3A-486E-4E08-B2DB-EBF358F61F37}.Release|Any CPU.Build.0 = Release|Any CPU
	EndGlobalSection
	GlobalSection(SolutionProperties) = preSolution
		HideSolutionNode = FALSE
	EndGlobalSection
	GlobalSection(ExtensibilityGlobals) = postSolution
		SolutionGuid = {8E0D9E97-9464-4375-A5EE-A9B2A0F044B6}
	EndGlobalSection
EndGlobal
